
Microsoft Visual Studio Solution File, Format Version 12.00
# Visual Studio Version 17
VisualStudioVersion = 17.3.32922.545
MinimumVisualStudioVersion = 10.0.40219.1
Project("{FAE04EC0-301F-11D3-BF4B-00C04F79EFBC}") = "PracaWPF", "PracaWPF\PracaWPF.csproj", "{5C3C9BAD-0FA7-448B-8E61-AD367E1FF7C8}"
EndProject
Global
	GlobalSection(SolutionConfigurationPlatforms) = preSolution
		Debug|Any CPU = Debug|Any CPU
		Release|Any CPU = Release|Any CPU
	EndGlobalSection
	GlobalSection(ProjectConfigurationPlatforms) = postSolution
		{5C3C9BAD-0FA7-448B-8E61-AD367E1FF7C8}.Debug|Any CPU.ActiveCfg = Debug|Any CPU
		{5C3C9BAD-0FA7-448B-8E61-AD367E1FF7C8}.Debug|Any CPU.Build.0 = Debug|Any CPU
		{5C3C9BAD-0FA7-448B-8E61-AD367E1FF7C8}.Release|Any CPU.ActiveCfg = Release|Any CPU
		{5C3C9BAD-0FA7-448B-8E61-AD367E1FF7C8}.Release|Any CPU.Build.0 = Release|Any CPU
	EndGlobalSection
	GlobalSection(SolutionProperties) = preSolution
		HideSolutionNode = FALSE
	EndGlobalSection
	GlobalSection(ExtensibilityGlobals) = postSolution
		SolutionGuid = {47D7ABF5-3D24-4879-89F0-57422FCE76AD}
	EndGlobalSection
EndGlobal
